# THIS IS AN AUTOGENERATED FILE. DO NOT EDIT THIS FILE DIRECTLY.
# yarn lockfile v1


node-log-simple@^1.0.1:
  version "1.0.2"
  resolved "https://registry.yarnpkg.com/node-log-simple/-/node-log-simple-1.0.2.tgz#2fbe07fae707f73f92919daa885797cebab90438"
  integrity sha512-Ns2//5X2QSjTVE8de4AHh+0VNT2NJ+EC2nSLUvfEn3gN4hbv5LjqmcmrGB9X5R1FQ5m2iJ9LUfLH1VVvJDLMaw==

svelte@^3.21.0:
  version "3.23.0"
  resolved "https://registry.yarnpkg.com/svelte/-/svelte-3.23.0.tgz#bbcd6887cf588c24a975b14467455abfff9acd3f"
  integrity sha512-cnyd96bK/Nw5DnYuB1hzm5cl6+I1fpmdKOteA7KLzU9KGLsLmvWsSkSKbcntzODCLmSySN3HjcgTHRo6/rJNTw==
