# THIS IS AN AUTOGENERATED FILE. DO NOT EDIT THIS FILE DIRECTLY.
# yarn lockfile v1


array-flat-polyfill@^1.0.1:
  version "1.0.1"
  resolved "https://registry.yarnpkg.com/array-flat-polyfill/-/array-flat-polyfill-1.0.1.tgz#1e3a4255be619dfbffbfd1d635c1cf357cd034e7"
  integrity sha512-hfJmKupmQN0lwi0xG6FQ5U8Rd97RnIERplymOv/qpq8AoNKPPAnxJadjFA23FNWm88wykh9HmpLJUUwUtNU/iw==

node-log-simple@^1.0.1:
  version "1.0.2"
  resolved "https://registry.yarnpkg.com/node-log-simple/-/node-log-simple-1.0.2.tgz#2fbe07fae707f73f92919daa885797cebab90438"
  integrity sha512-Ns2//5X2QSjTVE8de4AHh+0VNT2NJ+EC2nSLUvfEn3gN4hbv5LjqmcmrGB9X5R1FQ5m2iJ9LUfLH1VVvJDLMaw==

svelte@^3.23.2:
  version "3.23.2"
  resolved "https://registry.yarnpkg.com/svelte/-/svelte-3.23.2.tgz#f3e500384261a2e77b29681ee744c3c790fbcdc3"
  integrity sha512-hE8GeTM83YVR4GY6/6PeDEcGct4JS5aCi+IYbCAa76oaPSfuF7L85DQYULQxlTK/KPWzw3L1GRGmC3oPG/PQoA==
