# THIS IS AN AUTOGENERATED FILE. DO NOT EDIT THIS FILE DIRECTLY.
# yarn lockfile v1


"@fraserdarwent/javascript-logger@^1.0.3":
  version "1.0.4"
  resolved "https://registry.yarnpkg.com/@fraserdarwent/javascript-logger/-/javascript-logger-1.0.4.tgz#41383339ad47399c9fc519b58f0f971cc56387fd"
  integrity sha512-9ZRu++qf8EjoOT4Neapb1lMPgN5tN77u+eFctvV2XM+4dHfNKYMEN+aas5QbGs4d7HOIBwW8HvCTkb1Dd6uAkQ==

array-flat-polyfill@^1.0.1:
  version "1.0.1"
  resolved "https://registry.yarnpkg.com/array-flat-polyfill/-/array-flat-polyfill-1.0.1.tgz#1e3a4255be619dfbffbfd1d635c1cf357cd034e7"
  integrity sha512-hfJmKupmQN0lwi0xG6FQ5U8Rd97RnIERplymOv/qpq8AoNKPPAnxJadjFA23FNWm88wykh9HmpLJUUwUtNU/iw==

svelte@^3.23.2:
  version "3.29.0"
  resolved "https://registry.yarnpkg.com/svelte/-/svelte-3.29.0.tgz#80acac4254341ad8f3301e5ef03f4127ea967d96"
  integrity sha512-f+A65eyOQ5ujETLy+igNXtlr6AEjAQLYd1yJE1VwNiXMQO5Z/Vmiy3rL+zblV/9jd7rtTTWqO1IcuXsP2Qv0OA==
